
Microsoft Visual Studio Solution File, Format Version 12.00
# Visual Studio Version 17
VisualStudioVersion = 17.6.33829.357
MinimumVisualStudioVersion = 10.0.40219.1
Project("{9A19103F-16F7-4668-BE54-9A1E7A4F7556}") = "projBack", "kursBack\projBack.csproj", "{68C8AACA-98BB-4F23-B517-14BD381A209D}"
EndProject
Global
	GlobalSection(SolutionConfigurationPlatforms) = preSolution
		Debug|Any CPU = Debug|Any CPU
		Release|Any CPU = Release|Any CPU
	EndGlobalSection
	GlobalSection(ProjectConfigurationPlatforms) = postSolution
		{68C8AACA-98BB-4F23-B517-14BD381A209D}.Debug|Any CPU.ActiveCfg = Debug|Any CPU
		{68C8AACA-98BB-4F23-B517-14BD381A209D}.Debug|Any CPU.Build.0 = Debug|Any CPU
		{68C8AACA-98BB-4F23-B517-14BD381A209D}.Release|Any CPU.ActiveCfg = Release|Any CPU
		{68C8AACA-98BB-4F23-B517-14BD381A209D}.Release|Any CPU.Build.0 = Release|Any CPU
	EndGlobalSection
	GlobalSection(SolutionProperties) = preSolution
		HideSolutionNode = FALSE
	EndGlobalSection
	GlobalSection(ExtensibilityGlobals) = postSolution
		SolutionGuid = {E6B849F9-6730-4F97-A902-B69C816EA8B5}
	EndGlobalSection
EndGlobal
